{
  "name": "@example/sk8-ministries",
  "version": "0.0.1",
  "lockfileVersion": 3,
  "requires": true,
  "packages": {
    "": {
      "name": "@example/sk8-ministries",
      "version": "0.0.1",
      "dependencies": {
        "@astrojs/check": "^0.8.2",
        "@astrojs/react": "^3.6.0",
        "@astrojs/tailwind": "^5.1.0",
        "@lightnet/decap-admin": "^2.0.10",
        "@lightnet/library": "^2.4.0",
        "ajv": "^8.17.1",
        "ajv-formats": "^3.0.1",
        "astro": "^4.12.2",
        "i18next": "^23.12.2",
        "react": "^18.3.1",
        "react-dom": "^18.3.1",
        "react-i18next": "^15.0.1",
        "sharp": "^0.33.4",
        "tailwindcss": "^3.4.6",
        "typescript": "^5.5.3"
      }
    },
    "../../node_modules/.pnpm/@astrojs+check@0.8.2_prettier-plugin-astro@0.14.1_prettier@3.3.3_typescript@5.5.3/node_modules/@astrojs/check": {
      "version": "0.8.2",
      "license": "MIT",
      "dependencies": {
        "@astrojs/language-server": "^2.12.1",
        "chokidar": "^3.5.3",
        "fast-glob": "^3.3.1",
        "kleur": "^4.1.5",
        "yargs": "^17.7.2"
      },
      "bin": {
        "astro-check": "dist/bin.js"
      },
      "devDependencies": {
        "@types/chai": "^4.3.5",
        "@types/mocha": "^10.0.1",
        "@types/node": "^18.17.8",
        "@types/yargs": "^17.0.24",
        "chai": "^4.3.7",
        "mocha": "^10.2.0",
        "tsx": "^3.12.7"
      },
      "peerDependencies": {
        "typescript": "^5.0.0"
      }
    },
    "../../node_modules/.pnpm/@astrojs+react@3.6.0_@types+react-dom@18.3.0_@types+react@18.3.3_react-dom@18.3.1_react@18.3._e3kycywcrcszcdybonzyrlipxq/node_modules/@astrojs/react": {
      "version": "3.6.0",
      "license": "MIT",
      "dependencies": {
        "@vitejs/plugin-react": "^4.3.1",
        "ultrahtml": "^1.5.3"
      },
      "devDependencies": {
        "@types/react": "^18.3.3",
        "@types/react-dom": "^18.3.0",
        "astro": "4.10.3",
        "astro-scripts": "0.0.14",
        "cheerio": "1.0.0-rc.12",
        "react": "^18.3.1",
        "react-dom": "^18.3.1",
        "vite": "^5.3.1"
      },
      "engines": {
        "node": "^18.17.1 || ^20.3.0 || >=21.0.0"
      },
      "peerDependencies": {
        "@types/react": "^17.0.50 || ^18.0.21",
        "@types/react-dom": "^17.0.17 || ^18.0.6",
        "react": "^17.0.2 || ^18.0.0 || ^19.0.0-beta",
        "react-dom": "^17.0.2 || ^18.0.0 || ^19.0.0-beta"
      }
    },
    "../../node_modules/.pnpm/@astrojs+tailwind@5.1.0_astro@4.12.1_@types+node@20.14.11_terser@5.31.3_typescript@5.5.3__tailwindcss@3.4.6/node_modules/@astrojs/tailwind": {
      "version": "5.1.0",
      "license": "MIT",
      "peer": true,
      "dependencies": {
        "autoprefixer": "^10.4.15",
        "postcss": "^8.4.28",
        "postcss-load-config": "^4.0.2"
      },
      "devDependencies": {
        "astro": "4.0.8",
        "astro-scripts": "0.0.14",
        "chai": "^4.3.7",
        "mocha": "^10.2.0",
        "tailwindcss": "^3.3.5",
        "vite": "^5.0.10"
      },
      "peerDependencies": {
        "astro": "^3.0.0 || ^4.0.0",
        "tailwindcss": "^3.0.24"
      }
    },
    "../../node_modules/.pnpm/@astrojs+tailwind@5.1.0_astro@4.12.2_@types+node@20.14.11_terser@5.31.3_typescript@5.5.3__tailwindcss@3.4.6/node_modules/@astrojs/tailwind": {
      "version": "5.1.0",
      "license": "MIT",
      "dependencies": {
        "autoprefixer": "^10.4.15",
        "postcss": "^8.4.28",
        "postcss-load-config": "^4.0.2"
      },
      "devDependencies": {
        "astro": "4.0.8",
        "astro-scripts": "0.0.14",
        "chai": "^4.3.7",
        "mocha": "^10.2.0",
        "tailwindcss": "^3.3.5",
        "vite": "^5.0.10"
      },
      "peerDependencies": {
        "astro": "^3.0.0 || ^4.0.0",
        "tailwindcss": "^3.0.24"
      }
    },
    "../../node_modules/.pnpm/@iconify-json+mdi@1.1.67/node_modules/@iconify-json/mdi": {
      "version": "1.1.67",
      "license": "Apache-2.0",
      "dependencies": {
        "@iconify/types": "*"
      }
    },
    "../../node_modules/.pnpm/@iconify+tailwind@1.1.1/node_modules/@iconify/tailwind": {
      "version": "1.1.1",
      "license": "MIT",
      "dependencies": {
        "@iconify/types": "^2.0.0"
      },
      "devDependencies": {
        "@iconify-json/line-md": "^1.1.37",
        "@iconify-json/mdi-light": "^1.1.10",
        "@iconify/utils": "^2.1.23",
        "@microsoft/api-extractor": "^7.43.1",
        "@rollup/plugin-node-resolve": "^15.2.3",
        "@rollup/plugin-replace": "^5.0.5",
        "@types/jest": "^29.5.12",
        "@types/jsdom": "^21.1.6",
        "@types/node": "^18.19.31",
        "@typescript-eslint/eslint-plugin": "^5.62.0",
        "eslint": "^8.57.0",
        "jest": "^29.7.0",
        "rimraf": "^4.4.1",
        "rollup": "^3.29.4",
        "tailwindcss": "^3.4.3",
        "ts-jest": "^29.1.2",
        "typescript": "^5.4.5"
      },
      "funding": {
        "url": "https://github.com/sponsors/cyberalien"
      }
    },
    "../../node_modules/.pnpm/@tailwindcss+typography@0.5.13_tailwindcss@3.4.6/node_modules/@tailwindcss/typography": {
      "version": "0.5.13",
      "license": "MIT",
      "dependencies": {
        "lodash.castarray": "^4.4.0",
        "lodash.isplainobject": "^4.0.6",
        "lodash.merge": "^4.6.2",
        "postcss-selector-parser": "6.0.10"
      },
      "devDependencies": {
        "@mdx-js/loader": "^1.0.19",
        "@mdx-js/mdx": "^1.6.6",
        "@next/mdx": "^8.1.0",
        "autoprefixer": "^10.2.1",
        "highlight.js": "^10.4.1",
        "jest": "^26.6.1",
        "jest-diff": "^27.3.1",
        "next": "^12.0.1",
        "postcss": "^8.2.3",
        "prettier": "^2.1.2",
        "react": "^17.0.2",
        "react-dom": "^17.0.2",
        "tailwindcss": "^3.2.2"
      },
      "peerDependencies": {
        "tailwindcss": ">=3.0.0 || insiders"
      }
    },
    "../../node_modules/.pnpm/@types+react@18.3.3/node_modules/@types/react": {
      "version": "18.3.3",
      "license": "MIT",
      "dependencies": {
        "@types/prop-types": "*",
        "csstype": "^3.0.2"
      }
    },
    "../../node_modules/.pnpm/astro@4.12.1_@types+node@20.14.11_terser@5.31.3_typescript@5.5.3/node_modules/astro": {
      "version": "4.12.1",
      "license": "MIT",
      "peer": true,
      "dependencies": {
        "@astrojs/compiler": "^2.9.0",
        "@astrojs/internal-helpers": "0.4.1",
        "@astrojs/markdown-remark": "5.2.0",
        "@astrojs/telemetry": "3.1.0",
        "@babel/core": "^7.24.9",
        "@babel/generator": "^7.24.10",
        "@babel/parser": "^7.24.8",
        "@babel/plugin-transform-react-jsx": "^7.24.7",
        "@babel/traverse": "^7.24.8",
        "@babel/types": "^7.24.9",
        "@types/babel__core": "^7.20.5",
        "@types/cookie": "^0.6.0",
        "acorn": "^8.12.1",
        "aria-query": "^5.3.0",
        "axobject-query": "^4.1.0",
        "boxen": "7.1.1",
        "chokidar": "^3.6.0",
        "ci-info": "^4.0.0",
        "clsx": "^2.1.1",
        "common-ancestor-path": "^1.0.1",
        "cookie": "^0.6.0",
        "cssesc": "^3.0.0",
        "debug": "^4.3.5",
        "deterministic-object-hash": "^2.0.2",
        "devalue": "^5.0.0",
        "diff": "^5.2.0",
        "dlv": "^1.1.3",
        "dset": "^3.1.3",
        "es-module-lexer": "^1.5.4",
        "esbuild": "^0.21.5",
        "estree-walker": "^3.0.3",
        "execa": "^8.0.1",
        "fast-glob": "^3.3.2",
        "flattie": "^1.1.1",
        "github-slugger": "^2.0.0",
        "gray-matter": "^4.0.3",
        "html-escaper": "^3.0.3",
        "http-cache-semantics": "^4.1.1",
        "js-yaml": "^4.1.0",
        "kleur": "^4.1.5",
        "magic-string": "^0.30.10",
        "mrmime": "^2.0.0",
        "ora": "^8.0.1",
        "p-limit": "^6.1.0",
        "p-queue": "^8.0.1",
        "path-to-regexp": "^6.2.2",
        "preferred-pm": "^4.0.0",
        "prompts": "^2.4.2",
        "rehype": "^13.0.1",
        "semver": "^7.6.2",
        "shiki": "^1.10.3",
        "string-width": "^7.2.0",
        "strip-ansi": "^7.1.0",
        "tsconfck": "^3.1.1",
        "unist-util-visit": "^5.0.0",
        "vfile": "^6.0.2",
        "vite": "^5.3.4",
        "vitefu": "^0.2.5",
        "which-pm": "^3.0.0",
        "yargs-parser": "^21.1.1",
        "zod": "^3.23.8",
        "zod-to-json-schema": "^3.23.1"
      },
      "bin": {
        "astro": "astro.js"
      },
      "devDependencies": {
        "@astrojs/check": "^0.8.1",
        "@playwright/test": "^1.45.2",
        "@types/aria-query": "^5.0.4",
        "@types/babel__generator": "^7.6.8",
        "@types/babel__traverse": "^7.20.6",
        "@types/common-ancestor-path": "^1.0.2",
        "@types/connect": "^3.4.38",
        "@types/cssesc": "^3.0.2",
        "@types/debug": "^4.1.12",
        "@types/diff": "^5.2.1",
        "@types/dlv": "^1.1.4",
        "@types/dom-view-transitions": "^1.0.4",
        "@types/hast": "^3.0.4",
        "@types/html-escaper": "^3.0.2",
        "@types/http-cache-semantics": "^4.0.4",
        "@types/js-yaml": "^4.0.9",
        "@types/probe-image-size": "^7.2.4",
        "@types/prompts": "^2.4.9",
        "@types/semver": "^7.5.8",
        "@types/send": "^0.17.4",
        "@types/unist": "^3.0.2",
        "@types/yargs-parser": "^21.0.3",
        "astro-scripts": "0.0.14",
        "cheerio": "1.0.0-rc.12",
        "eol": "^0.9.1",
        "expect-type": "^0.19.0",
        "mdast-util-mdx": "^3.0.0",
        "mdast-util-mdx-jsx": "^3.1.2",
        "memfs": "^4.9.3",
        "node-mocks-http": "^1.15.0",
        "parse-srcset": "^1.0.2",
        "rehype-autolink-headings": "^7.1.0",
        "rehype-slug": "^6.0.0",
        "rehype-toc": "^3.0.2",
        "remark-code-titles": "^0.1.2",
        "rollup": "^4.18.1",
        "sass": "^1.77.8",
        "srcset-parse": "^1.1.0",
        "undici": "^6.19.2",
        "unified": "^11.0.5"
      },
      "engines": {
        "node": "^18.17.1 || ^20.3.0 || >=21.0.0",
        "npm": ">=9.6.5",
        "pnpm": ">=7.1.0"
      },
      "optionalDependencies": {
        "sharp": "^0.33.3"
      }
    },
    "../../node_modules/.pnpm/astro@4.12.2_@types+node@20.14.11_terser@5.31.3_typescript@5.5.3/node_modules/astro": {
      "version": "4.12.2",
      "license": "MIT",
      "dependencies": {
        "@astrojs/compiler": "^2.9.0",
        "@astrojs/internal-helpers": "0.4.1",
        "@astrojs/markdown-remark": "5.2.0",
        "@astrojs/telemetry": "3.1.0",
        "@babel/core": "^7.24.9",
        "@babel/generator": "^7.24.10",
        "@babel/parser": "^7.24.8",
        "@babel/plugin-transform-react-jsx": "^7.24.7",
        "@babel/traverse": "^7.24.8",
        "@babel/types": "^7.24.9",
        "@types/babel__core": "^7.20.5",
        "@types/cookie": "^0.6.0",
        "acorn": "^8.12.1",
        "aria-query": "^5.3.0",
        "axobject-query": "^4.1.0",
        "boxen": "7.1.1",
        "chokidar": "^3.6.0",
        "ci-info": "^4.0.0",
        "clsx": "^2.1.1",
        "common-ancestor-path": "^1.0.1",
        "cookie": "^0.6.0",
        "cssesc": "^3.0.0",
        "debug": "^4.3.5",
        "deterministic-object-hash": "^2.0.2",
        "devalue": "^5.0.0",
        "diff": "^5.2.0",
        "dlv": "^1.1.3",
        "dset": "^3.1.3",
        "es-module-lexer": "^1.5.4",
        "esbuild": "^0.21.5",
        "estree-walker": "^3.0.3",
        "execa": "^8.0.1",
        "fast-glob": "^3.3.2",
        "flattie": "^1.1.1",
        "github-slugger": "^2.0.0",
        "gray-matter": "^4.0.3",
        "html-escaper": "^3.0.3",
        "http-cache-semantics": "^4.1.1",
        "js-yaml": "^4.1.0",
        "kleur": "^4.1.5",
        "magic-string": "^0.30.10",
        "mrmime": "^2.0.0",
        "ora": "^8.0.1",
        "p-limit": "^6.1.0",
        "p-queue": "^8.0.1",
        "path-to-regexp": "^6.2.2",
        "preferred-pm": "^4.0.0",
        "prompts": "^2.4.2",
        "rehype": "^13.0.1",
        "semver": "^7.6.2",
        "shiki": "^1.10.3",
        "string-width": "^7.2.0",
        "strip-ansi": "^7.1.0",
        "tsconfck": "^3.1.1",
        "unist-util-visit": "^5.0.0",
        "vfile": "^6.0.2",
        "vite": "^5.3.4",
        "vitefu": "^0.2.5",
        "which-pm": "^3.0.0",
        "yargs-parser": "^21.1.1",
        "zod": "^3.23.8",
        "zod-to-json-schema": "^3.23.1"
      },
      "bin": {
        "astro": "astro.js"
      },
      "devDependencies": {
        "@astrojs/check": "^0.8.1",
        "@playwright/test": "^1.45.2",
        "@types/aria-query": "^5.0.4",
        "@types/babel__generator": "^7.6.8",
        "@types/babel__traverse": "^7.20.6",
        "@types/common-ancestor-path": "^1.0.2",
        "@types/connect": "^3.4.38",
        "@types/cssesc": "^3.0.2",
        "@types/debug": "^4.1.12",
        "@types/diff": "^5.2.1",
        "@types/dlv": "^1.1.4",
        "@types/dom-view-transitions": "^1.0.4",
        "@types/hast": "^3.0.4",
        "@types/html-escaper": "^3.0.2",
        "@types/http-cache-semantics": "^4.0.4",
        "@types/js-yaml": "^4.0.9",
        "@types/probe-image-size": "^7.2.4",
        "@types/prompts": "^2.4.9",
        "@types/semver": "^7.5.8",
        "@types/send": "^0.17.4",
        "@types/unist": "^3.0.2",
        "@types/yargs-parser": "^21.0.3",
        "astro-scripts": "0.0.14",
        "cheerio": "1.0.0-rc.12",
        "eol": "^0.9.1",
        "expect-type": "^0.19.0",
        "mdast-util-mdx": "^3.0.0",
        "mdast-util-mdx-jsx": "^3.1.2",
        "memfs": "^4.9.3",
        "node-mocks-http": "^1.15.0",
        "parse-srcset": "^1.0.2",
        "rehype-autolink-headings": "^7.1.0",
        "rehype-slug": "^6.0.0",
        "rehype-toc": "^3.0.2",
        "remark-code-titles": "^0.1.2",
        "rollup": "^4.18.1",
        "sass": "^1.77.8",
        "srcset-parse": "^1.1.0",
        "undici": "^6.19.2",
        "unified": "^11.0.5"
      },
      "engines": {
        "node": "^18.17.1 || ^20.3.0 || >=21.0.0",
        "npm": ">=9.6.5",
        "pnpm": ">=7.1.0"
      },
      "optionalDependencies": {
        "sharp": "^0.33.3"
      }
    },
    "../../node_modules/.pnpm/daisyui@4.12.10_postcss@8.4.39/node_modules/daisyui": {
      "version": "4.12.10",
      "license": "MIT",
      "dependencies": {
        "css-selector-tokenizer": "^0.8",
        "culori": "^3",
        "picocolors": "^1",
        "postcss-js": "^4"
      },
      "devDependencies": {
        "@biomejs/biome": "1.8.1",
        "autoprefixer": "10.4.19",
        "commit-and-tag-version": "12.4.1",
        "postcss-cli": "11.0.0",
        "postcss-import": "16.1.0",
        "prejss-cli": "0.3.3",
        "tailwindcss": "3.4.4"
      },
      "engines": {
        "node": ">=16.9.0"
      },
      "funding": {
        "type": "opencollective",
        "url": "https://opencollective.com/daisyui"
      }
    },
    "../../node_modules/.pnpm/decap-cms@3.1.11_@types+hoist-non-react-statics@3.3.5_@types+node@20.14.11_@types+react@18.3._y7ntpsi6ygh6gkhr2ff4clgkla/node_modules/decap-cms": {
      "version": "3.1.11",
      "license": "MIT",
      "dependencies": {
        "codemirror": "^5.46.0",
        "create-react-class": "^15.7.0",
        "decap-cms-app": "^3.1.11",
        "decap-cms-media-library-cloudinary": "^3.0.3",
        "decap-cms-media-library-uploadcare": "^3.0.2",
        "file-loader": "^6.2.0",
        "react": "^18.2.0",
        "react-dom": "^18.2.0",
        "svgo-loader": "^3.0.3"
      }
    },
    "../../node_modules/.pnpm/fuse.js@7.0.0/node_modules/fuse.js": {
      "version": "7.0.0",
      "license": "Apache-2.0",
      "devDependencies": {
        "@babel/cli": "^7.20.7",
        "@babel/core": "^7.20.12",
        "@babel/eslint-parser": "^7.19.1",
        "@babel/plugin-proposal-object-rest-spread": "7.20.7",
        "@babel/plugin-syntax-import-assertions": "^7.22.5",
        "@babel/preset-env": "7.20.2",
        "@babel/preset-typescript": "7.18.6",
        "@commitlint/cli": "^17.4.2",
        "@commitlint/config-conventional": "^17.4.2",
        "@monaco-editor/loader": "^1.3.2",
        "@rollup/plugin-babel": "^6.0.3",
        "@rollup/plugin-node-resolve": "^15.0.1",
        "@rollup/plugin-replace": "^5.0.2",
        "@sapphire/stopwatch": "^1.5.0",
        "@sapphire/utilities": "^3.11.0",
        "@snippetors/vuepress-plugin-tabs": "1.2.3",
        "@vuepress/plugin-google-analytics": "2.0.0-beta.60",
        "@vuepress/plugin-pwa": "2.0.0-beta.60",
        "@vuepress/plugin-register-components": "2.0.0-beta.60",
        "@vuepress/plugin-search": "2.0.0-beta.60",
        "babel-loader": "^9.1.2",
        "eslint": "8.32.0",
        "eslint-config-prettier": "8.6.0",
        "husky": "^8.0.3",
        "monaco-editor": "^0.34.1",
        "prettier": "2.8.3",
        "replace-in-file": "^6.3.5",
        "rollup": "^2.79.1",
        "rollup-plugin-dts": "^5.3.0",
        "standard-version": "^9.5.0",
        "terser": "^5.16.1",
        "typescript": "^4.9.4",
        "vitest": "^0.28.3",
        "vuepress": "2.0.0-beta.60",
        "vuepress-plugin-google-adsense2": "1.0.2"
      },
      "engines": {
        "node": ">=10"
      }
    },
    "../../node_modules/.pnpm/marked@13.0.2/node_modules/marked": {
      "version": "13.0.2",
      "license": "MIT",
      "bin": {
        "marked": "bin/marked.js"
      },
      "devDependencies": {
        "@arethetypeswrong/cli": "^0.15.3",
        "@markedjs/testutils": "13.0.1-0",
        "@rollup/plugin-terser": "^0.4.4",
        "@rollup/plugin-typescript": "^11.1.6",
        "@semantic-release/commit-analyzer": "^13.0.0",
        "@semantic-release/git": "^10.0.1",
        "@semantic-release/github": "^10.0.6",
        "@semantic-release/npm": "^12.0.1",
        "@semantic-release/release-notes-generator": "^14.0.1",
        "@typescript-eslint/eslint-plugin": "^7.14.1",
        "@typescript-eslint/parser": "^7.14.1",
        "cheerio": "1.0.0-rc.12",
        "commonmark": "0.31.0",
        "cross-env": "^7.0.3",
        "dts-bundle-generator": "^9.5.1",
        "eslint": "^8.57.0",
        "eslint-config-standard": "^17.1.0",
        "eslint-plugin-import": "^2.29.1",
        "eslint-plugin-n": "^16.6.2",
        "eslint-plugin-promise": "^6.4.0",
        "highlight.js": "^11.9.0",
        "markdown-it": "14.1.0",
        "marked-highlight": "^2.1.3",
        "marked-man": "^2.1.0",
        "node-fetch": "^3.3.2",
        "recheck": "^4.4.5",
        "rollup": "^4.18.0",
        "semantic-release": "^24.0.0",
        "titleize": "^4.0.0",
        "ts-expect": "^1.3.0",
        "typescript": "5.5.2"
      },
      "engines": {
        "node": ">= 18"
      }
    },
    "../../node_modules/.pnpm/react-dom@18.3.1_react@18.3.1/node_modules/react-dom": {
      "version": "18.3.1",
      "license": "MIT",
      "peer": true,
      "dependencies": {
        "loose-envify": "^1.1.0",
        "scheduler": "^0.23.2"
      },
      "peerDependencies": {
        "react": "^18.3.1"
      }
    },
    "../../node_modules/.pnpm/react@18.3.1/node_modules/react": {
      "version": "18.3.1",
      "license": "MIT",
      "peer": true,
      "dependencies": {
        "loose-envify": "^1.1.0"
      },
      "engines": {
        "node": ">=0.10.0"
      }
    },
    "../../node_modules/.pnpm/sharp@0.33.4/node_modules/sharp": {
      "version": "0.33.4",
      "hasInstallScript": true,
      "license": "Apache-2.0",
      "peer": true,
      "dependencies": {
        "color": "^4.2.3",
        "detect-libc": "^2.0.3",
        "semver": "^7.6.0"
      },
      "devDependencies": {
        "@emnapi/runtime": "^1.1.1",
        "@img/sharp-libvips-dev": "1.0.2",
        "@img/sharp-libvips-dev-wasm32": "1.0.3",
        "@img/sharp-libvips-win32-ia32": "1.0.2",
        "@img/sharp-libvips-win32-x64": "1.0.2",
        "@types/node": "*",
        "async": "^3.2.5",
        "cc": "^3.0.1",
        "emnapi": "^1.1.1",
        "exif-reader": "^2.0.1",
        "extract-zip": "^2.0.1",
        "icc": "^3.0.0",
        "jsdoc-to-markdown": "^8.0.1",
        "license-checker": "^25.0.1",
        "mocha": "^10.4.0",
        "node-addon-api": "^8.0.0",
        "nyc": "^15.1.0",
        "prebuild": "^13.0.1",
        "semistandard": "^17.0.0",
        "tar-fs": "^3.0.6",
        "tsd": "^0.31.0"
      },
      "engines": {
        "libvips": ">=8.15.2",
        "node": "^18.17.0 || ^20.3.0 || >=21.0.0"
      },
      "funding": {
        "url": "https://opencollective.com/libvips"
      },
      "optionalDependencies": {
        "@img/sharp-darwin-arm64": "0.33.4",
        "@img/sharp-darwin-x64": "0.33.4",
        "@img/sharp-libvips-darwin-arm64": "1.0.2",
        "@img/sharp-libvips-darwin-x64": "1.0.2",
        "@img/sharp-libvips-linux-arm": "1.0.2",
        "@img/sharp-libvips-linux-arm64": "1.0.2",
        "@img/sharp-libvips-linux-s390x": "1.0.2",
        "@img/sharp-libvips-linux-x64": "1.0.2",
        "@img/sharp-libvips-linuxmusl-arm64": "1.0.2",
        "@img/sharp-libvips-linuxmusl-x64": "1.0.2",
        "@img/sharp-linux-arm": "0.33.4",
        "@img/sharp-linux-arm64": "0.33.4",
        "@img/sharp-linux-s390x": "0.33.4",
        "@img/sharp-linux-x64": "0.33.4",
        "@img/sharp-linuxmusl-arm64": "0.33.4",
        "@img/sharp-linuxmusl-x64": "0.33.4",
        "@img/sharp-wasm32": "0.33.4",
        "@img/sharp-win32-ia32": "0.33.4",
        "@img/sharp-win32-x64": "0.33.4"
      }
    },
    "../../node_modules/.pnpm/tailwindcss@3.4.6/node_modules/tailwindcss": {
      "version": "3.4.6",
      "license": "MIT",
      "peer": true,
      "dependencies": {
        "@alloc/quick-lru": "^5.2.0",
        "arg": "^5.0.2",
        "chokidar": "^3.5.3",
        "didyoumean": "^1.2.2",
        "dlv": "^1.1.3",
        "fast-glob": "^3.3.0",
        "glob-parent": "^6.0.2",
        "is-glob": "^4.0.3",
        "jiti": "^1.21.0",
        "lilconfig": "^2.1.0",
        "micromatch": "^4.0.5",
        "normalize-path": "^3.0.0",
        "object-hash": "^3.0.0",
        "picocolors": "^1.0.0",
        "postcss": "^8.4.23",
        "postcss-import": "^15.1.0",
        "postcss-js": "^4.0.1",
        "postcss-load-config": "^4.0.1",
        "postcss-nested": "^6.0.1",
        "postcss-selector-parser": "^6.0.11",
        "resolve": "^1.22.2",
        "sucrase": "^3.32.0"
      },
      "bin": {
        "tailwind": "lib/cli.js",
        "tailwindcss": "lib/cli.js"
      },
      "devDependencies": {
        "@swc/cli": "^0.1.62",
        "@swc/core": "^1.3.55",
        "@swc/jest": "^0.2.26",
        "@swc/register": "^0.1.10",
        "autoprefixer": "^10.4.14",
        "browserslist": "^4.21.5",
        "concurrently": "^8.0.1",
        "cssnano": "^6.0.0",
        "esbuild": "^0.20.2",
        "eslint": "^8.39.0",
        "eslint-config-prettier": "^8.8.0",
        "eslint-plugin-prettier": "^4.2.1",
        "jest": "^29.6.0",
        "jest-diff": "^29.6.0",
        "lightningcss": "1.24.1",
        "prettier": "^2.8.8",
        "rimraf": "^5.0.0",
        "source-map-js": "^1.0.2",
        "turbo": "^1.9.3"
      },
      "engines": {
        "node": ">=14.0.0"
      }
    },
    "../../node_modules/.pnpm/typescript@5.5.3/node_modules/typescript": {
      "version": "5.5.3",
      "license": "Apache-2.0",
      "peer": true,
      "bin": {
        "tsc": "bin/tsc",
        "tsserver": "bin/tsserver"
      },
      "devDependencies": {
        "@dprint/formatter": "^0.3.0",
        "@dprint/typescript": "0.91.0",
        "@esfx/canceltoken": "^1.0.0",
        "@octokit/rest": "^20.1.1",
        "@types/chai": "^4.3.16",
        "@types/microsoft__typescript-etw": "^0.1.3",
        "@types/minimist": "^1.2.5",
        "@types/mocha": "^10.0.6",
        "@types/ms": "^0.7.34",
        "@types/node": "latest",
        "@types/source-map-support": "^0.5.10",
        "@types/which": "^3.0.3",
        "@typescript-eslint/eslint-plugin": "^7.11.0",
        "@typescript-eslint/parser": "^7.11.0",
        "@typescript-eslint/utils": "^7.11.0",
        "azure-devops-node-api": "^13.0.0",
        "c8": "^9.1.0",
        "chai": "^4.4.1",
        "chalk": "^4.1.2",
        "chokidar": "^3.6.0",
        "diff": "^5.2.0",
        "dprint": "^0.46.1",
        "esbuild": "^0.21.4",
        "eslint": "^8.57.0",
        "eslint-formatter-autolinkable-stylish": "^1.3.0",
        "eslint-plugin-local": "^4.2.2",
        "fast-xml-parser": "^4.4.0",
        "glob": "^10.4.1",
        "hereby": "^1.8.9",
        "jsonc-parser": "^3.2.1",
        "minimist": "^1.2.8",
        "mocha": "^10.4.0",
        "mocha-fivemat-progress-reporter": "^0.1.0",
        "ms": "^2.1.3",
        "node-fetch": "^3.3.2",
        "playwright": "^1.44.1",
        "source-map-support": "^0.5.21",
        "tslib": "^2.6.2",
        "typescript": "^5.4.5",
        "which": "^3.0.1"
      },
      "engines": {
        "node": ">=14.17"
      }
    },
    "../../node_modules/.pnpm/yaml@2.4.5/node_modules/yaml": {
      "version": "2.4.5",
      "license": "ISC",
      "bin": {
        "yaml": "bin.mjs"
      },
      "devDependencies": {
        "@babel/core": "^7.12.10",
        "@babel/plugin-transform-class-properties": "^7.23.3",
        "@babel/plugin-transform-nullish-coalescing-operator": "^7.23.4",
        "@babel/plugin-transform-typescript": "^7.12.17",
        "@babel/preset-env": "^7.12.11",
        "@rollup/plugin-babel": "^6.0.3",
        "@rollup/plugin-replace": "^5.0.2",
        "@rollup/plugin-typescript": "^11.0.0",
        "@types/jest": "^29.2.4",
        "@types/node": "^20.11.20",
        "@typescript-eslint/eslint-plugin": "^7.0.2",
        "@typescript-eslint/parser": "^7.0.2",
        "babel-jest": "^29.0.1",
        "cross-env": "^7.0.3",
        "eslint": "^8.2.0",
        "eslint-config-prettier": "^9.0.0",
        "fast-check": "^2.12.0",
        "jest": "^29.0.1",
        "jest-ts-webcompat-resolver": "^1.0.0",
        "prettier": "^3.0.2",
        "rollup": "^4.12.0",
        "tslib": "^2.1.0",
        "typescript": "^5.0.3"
      },
      "engines": {
        "node": ">= 14"
      }
    },
    "../../node_modules/.pnpm/zod-validation-error@3.3.0_zod@3.23.8/node_modules/zod-validation-error": {
      "version": "3.3.0",
      "license": "MIT",
      "devDependencies": {
        "@changesets/changelog-github": "^0.5.0",
        "@changesets/cli": "^2.18.1",
        "@commitlint/cli": "^18.0.0",
        "@commitlint/config-conventional": "^18.0.0",
        "@types/jest": "^29.2.4",
        "@types/node": "^20.5.0",
        "@typescript-eslint/eslint-plugin": "^6.4.1",
        "@typescript-eslint/parser": "^6.4.1",
        "concurrently": "^8.2.0",
        "eslint": "^8.4.1",
        "eslint-config-prettier": "^9.0.0",
        "eslint-plugin-import": "^2.29.1",
        "eslint-plugin-prettier": "^4.2.1",
        "husky": "^8.0.3",
        "jest": "^29.3.1",
        "lint-staged": "^15.0.1",
        "prettier": "^2.8.8",
        "rimraf": "^5.0.1",
        "ts-jest": "^29.0.3",
        "tsup": "^8.0.2",
        "typescript": "^5.1.6",
        "zod": "^3.20.0"
      },
      "engines": {
        "node": ">=18.0.0"
      },
      "peerDependencies": {
        "zod": "^3.18.0"
      }
    },
    "../../packages/decap-admin": {
      "name": "@lightnet/decap-admin",
      "version": "2.0.12",
      "license": "MIT",
      "dependencies": {
        "decap-cms": "^3.1.11",
        "yaml": "^2.4.5"
      },
      "peerDependencies": {
        "@lightnet/library": "^2.0.22",
        "astro": "^4.11.5",
        "sharp": "^0.33.4",
        "typescript": "^5.5.3"
      }
    },
    "../../packages/decap-admin/node_modules/@lightnet/library": {
      "resolved": "../../packages/library",
      "link": true
    },
    "../../packages/decap-admin/node_modules/astro": {
      "resolved": "../../node_modules/.pnpm/astro@4.12.1_@types+node@20.14.11_terser@5.31.3_typescript@5.5.3/node_modules/astro",
      "link": true
    },
    "../../packages/decap-admin/node_modules/decap-cms": {
      "resolved": "../../node_modules/.pnpm/decap-cms@3.1.11_@types+hoist-non-react-statics@3.3.5_@types+node@20.14.11_@types+react@18.3._y7ntpsi6ygh6gkhr2ff4clgkla/node_modules/decap-cms",
      "link": true
    },
    "../../packages/decap-admin/node_modules/sharp": {
      "resolved": "../../node_modules/.pnpm/sharp@0.33.4/node_modules/sharp",
      "link": true
    },
    "../../packages/decap-admin/node_modules/typescript": {
      "resolved": "../../node_modules/.pnpm/typescript@5.5.3/node_modules/typescript",
      "link": true
    },
    "../../packages/decap-admin/node_modules/yaml": {
      "resolved": "../../node_modules/.pnpm/yaml@2.4.5/node_modules/yaml",
      "link": true
    },
    "../../packages/library": {
      "name": "@lightnet/library",
      "version": "2.4.1",
      "license": "MIT",
      "peer": true,
      "dependencies": {
        "@iconify-json/mdi": "^1.1.67",
        "@iconify/tailwind": "^1.1.1",
        "@tailwindcss/typography": "^0.5.13",
        "@types/react": "^18.3.3",
        "daisyui": "^4.12.10",
        "fuse.js": "^7.0.0",
        "marked": "^13.0.2",
        "zod-validation-error": "^3.3.0"
      },
      "peerDependencies": {
        "@astrojs/react": "^3.6.0",
        "@astrojs/tailwind": "^5.1.0",
        "astro": "^4.11.5",
        "react": "^18.3.1",
        "react-dom": "^18.3.1",
        "sharp": "^0.33.4",
        "tailwindcss": "^3.4.4",
        "typescript": "^5.5.3"
      }
    },
    "../../packages/library/node_modules/@astrojs/react": {
      "resolved": "../../node_modules/.pnpm/@astrojs+react@3.6.0_@types+react-dom@18.3.0_@types+react@18.3.3_react-dom@18.3.1_react@18.3._e3kycywcrcszcdybonzyrlipxq/node_modules/@astrojs/react",
      "link": true
    },
    "../../packages/library/node_modules/@astrojs/tailwind": {
      "resolved": "../../node_modules/.pnpm/@astrojs+tailwind@5.1.0_astro@4.12.1_@types+node@20.14.11_terser@5.31.3_typescript@5.5.3__tailwindcss@3.4.6/node_modules/@astrojs/tailwind",
      "link": true
    },
    "../../packages/library/node_modules/@iconify-json/mdi": {
      "resolved": "../../node_modules/.pnpm/@iconify-json+mdi@1.1.67/node_modules/@iconify-json/mdi",
      "link": true
    },
    "../../packages/library/node_modules/@iconify/tailwind": {
      "resolved": "../../node_modules/.pnpm/@iconify+tailwind@1.1.1/node_modules/@iconify/tailwind",
      "link": true
    },
    "../../packages/library/node_modules/@tailwindcss/typography": {
      "resolved": "../../node_modules/.pnpm/@tailwindcss+typography@0.5.13_tailwindcss@3.4.6/node_modules/@tailwindcss/typography",
      "link": true
    },
    "../../packages/library/node_modules/@types/react": {
      "resolved": "../../node_modules/.pnpm/@types+react@18.3.3/node_modules/@types/react",
      "link": true
    },
    "../../packages/library/node_modules/astro": {
      "resolved": "../../node_modules/.pnpm/astro@4.12.1_@types+node@20.14.11_terser@5.31.3_typescript@5.5.3/node_modules/astro",
      "link": true
    },
    "../../packages/library/node_modules/daisyui": {
      "resolved": "../../node_modules/.pnpm/daisyui@4.12.10_postcss@8.4.39/node_modules/daisyui",
      "link": true
    },
    "../../packages/library/node_modules/fuse.js": {
      "resolved": "../../node_modules/.pnpm/fuse.js@7.0.0/node_modules/fuse.js",
      "link": true
    },
    "../../packages/library/node_modules/marked": {
      "resolved": "../../node_modules/.pnpm/marked@13.0.2/node_modules/marked",
      "link": true
    },
    "../../packages/library/node_modules/react": {
      "resolved": "../../node_modules/.pnpm/react@18.3.1/node_modules/react",
      "link": true
    },
    "../../packages/library/node_modules/react-dom": {
      "resolved": "../../node_modules/.pnpm/react-dom@18.3.1_react@18.3.1/node_modules/react-dom",
      "link": true
    },
    "../../packages/library/node_modules/sharp": {
      "resolved": "../../node_modules/.pnpm/sharp@0.33.4/node_modules/sharp",
      "link": true
    },
    "../../packages/library/node_modules/tailwindcss": {
      "resolved": "../../node_modules/.pnpm/tailwindcss@3.4.6/node_modules/tailwindcss",
      "link": true
    },
    "../../packages/library/node_modules/typescript": {
      "resolved": "../../node_modules/.pnpm/typescript@5.5.3/node_modules/typescript",
      "link": true
    },
    "../../packages/library/node_modules/zod-validation-error": {
      "resolved": "../../node_modules/.pnpm/zod-validation-error@3.3.0_zod@3.23.8/node_modules/zod-validation-error",
      "link": true
    },
    "node_modules/@astrojs/check": {
      "resolved": "../../node_modules/.pnpm/@astrojs+check@0.8.2_prettier-plugin-astro@0.14.1_prettier@3.3.3_typescript@5.5.3/node_modules/@astrojs/check",
      "link": true
    },
    "node_modules/@astrojs/react": {
      "resolved": "../../node_modules/.pnpm/@astrojs+react@3.6.0_@types+react-dom@18.3.0_@types+react@18.3.3_react-dom@18.3.1_react@18.3._e3kycywcrcszcdybonzyrlipxq/node_modules/@astrojs/react",
      "link": true
    },
    "node_modules/@astrojs/tailwind": {
      "resolved": "../../node_modules/.pnpm/@astrojs+tailwind@5.1.0_astro@4.12.2_@types+node@20.14.11_terser@5.31.3_typescript@5.5.3__tailwindcss@3.4.6/node_modules/@astrojs/tailwind",
      "link": true
    },
    "node_modules/@babel/runtime": {
      "version": "7.25.0",
      "resolved": "https://repo.plus4u.net/operatorGate/repository/public-javascript/@babel/runtime/-/runtime-7.25.0.tgz",
      "integrity": "sha512-7dRy4DwXwtzBrPbZflqxnvfxLF8kdZXPkhymtDeFoFqE6ldzjQFgYTtYIFARcLEYDrqfBfYcZt1WqFxRoyC9Rw==",
      "license": "MIT",
      "dependencies": {
        "regenerator-runtime": "^0.14.0"
      },
      "engines": {
        "node": ">=6.9.0"
      }
    },
    "node_modules/@lightnet/decap-admin": {
      "resolved": "../../packages/decap-admin",
      "link": true
    },
    "node_modules/@lightnet/library": {
      "resolved": "../../packages/library",
      "link": true
    },
    "node_modules/ajv": {
      "version": "8.17.1",
      "resolved": "https://repo.plus4u.net/operatorGate/repository/public-javascript/ajv/-/ajv-8.17.1.tgz",
      "integrity": "sha512-B/gBuNg5SiMTrPkC+A2+cW0RszwxYmn6VYxB/inlBStS5nx6xHIt/ehKRhIMhqusl7a8LjQoZnjCs5vhwxOQ1g==",
      "license": "MIT",
      "dependencies": {
        "fast-deep-equal": "^3.1.3",
        "fast-uri": "^3.0.1",
        "json-schema-traverse": "^1.0.0",
        "require-from-string": "^2.0.2"
      },
      "funding": {
        "type": "github",
        "url": "https://github.com/sponsors/epoberezkin"
      }
    },
    "node_modules/ajv-formats": {
      "version": "3.0.1",
      "resolved": "https://repo.plus4u.net/operatorGate/repository/public-javascript/ajv-formats/-/ajv-formats-3.0.1.tgz",
      "integrity": "sha512-8iUql50EUR+uUcdRQ3HDqa6EVyo3docL8g5WJ3FNcWmu62IbkGUue/pEyLBW8VGKKucTPgqeks4fIU1DA4yowQ==",
      "license": "MIT",
      "dependencies": {
        "ajv": "^8.0.0"
      },
      "peerDependencies": {
        "ajv": "^8.0.0"
      },
      "peerDependenciesMeta": {
        "ajv": {
          "optional": true
        }
      }
    },
    "node_modules/astro": {
      "resolved": "../../node_modules/.pnpm/astro@4.12.2_@types+node@20.14.11_terser@5.31.3_typescript@5.5.3/node_modules/astro",
      "link": true
    },
    "node_modules/fast-deep-equal": {
      "version": "3.1.3",
      "resolved": "https://repo.plus4u.net/operatorGate/repository/public-javascript/fast-deep-equal/-/fast-deep-equal-3.1.3.tgz",
      "integrity": "sha512-f3qQ9oQy9j2AhBe/H9VC91wLmKBCCU/gDOnKNAYG5hswO7BLKj09Hc5HYNz9cGI++xlpDCIgDaitVs03ATR84Q==",
      "license": "MIT"
    },
    "node_modules/fast-uri": {
      "version": "3.0.1",
      "resolved": "https://repo.plus4u.net/operatorGate/repository/public-javascript/fast-uri/-/fast-uri-3.0.1.tgz",
      "integrity": "sha512-MWipKbbYiYI0UC7cl8m/i/IWTqfC8YXsqjzybjddLsFjStroQzsHXkc73JutMvBiXmOvapk+axIl79ig5t55Bw==",
      "license": "MIT"
    },
    "node_modules/html-parse-stringify": {
      "version": "3.0.1",
      "resolved": "https://repo.plus4u.net/operatorGate/repository/public-javascript/html-parse-stringify/-/html-parse-stringify-3.0.1.tgz",
      "integrity": "sha512-KknJ50kTInJ7qIScF3jeaFRpMpE8/lfiTdzf/twXyPBLAGrLRTmkz3AdTnKeh40X8k9L2fdYwEp/42WGXIRGcg==",
      "license": "MIT",
      "dependencies": {
        "void-elements": "3.1.0"
      }
    },
    "node_modules/i18next": {
      "version": "23.14.0",
      "resolved": "https://repo.plus4u.net/operatorGate/repository/public-javascript/i18next/-/i18next-23.14.0.tgz",
      "integrity": "sha512-Y5GL4OdA8IU2geRrt2+Uc1iIhsjICdHZzT9tNwQ3TVqdNzgxHToGCKf/TPRP80vTCAP6svg2WbbJL+Gx5MFQVA==",
      "funding": [
        {
          "type": "individual",
          "url": "https://locize.com"
        },
        {
          "type": "individual",
          "url": "https://locize.com/i18next.html"
        },
        {
          "type": "individual",
          "url": "https://www.i18next.com/how-to/faq#i18next-is-awesome.-how-can-i-support-the-project"
        }
      ],
      "license": "MIT",
      "dependencies": {
        "@babel/runtime": "^7.23.2"
      }
    },
    "node_modules/json-schema-traverse": {
      "version": "1.0.0",
      "resolved": "https://repo.plus4u.net/operatorGate/repository/public-javascript/json-schema-traverse/-/json-schema-traverse-1.0.0.tgz",
      "integrity": "sha512-NM8/P9n3XjXhIZn1lLhkFaACTOURQXjWhV4BA/RnOv8xvgqtqpAX9IO4mRQxSx1Rlo4tqzeqb0sOlruaOy3dug==",
      "license": "MIT"
    },
    "node_modules/react": {
      "resolved": "../../node_modules/.pnpm/react@18.3.1/node_modules/react",
      "link": true
    },
    "node_modules/react-dom": {
      "resolved": "../../node_modules/.pnpm/react-dom@18.3.1_react@18.3.1/node_modules/react-dom",
      "link": true
    },
    "node_modules/react-i18next": {
      "version": "15.0.1",
      "resolved": "https://repo.plus4u.net/operatorGate/repository/public-javascript/react-i18next/-/react-i18next-15.0.1.tgz",
      "integrity": "sha512-NwxLqNM6CLbeGA9xPsjits0EnXdKgCRSS6cgkgOdNcPXqL+1fYNl8fBg1wmnnHvFy812Bt4IWTPE9zjoPmFj3w==",
      "license": "MIT",
      "dependencies": {
        "@babel/runtime": "^7.24.8",
        "html-parse-stringify": "^3.0.1"
      },
      "peerDependencies": {
        "i18next": ">= 23.2.3",
        "react": ">= 16.8.0"
      },
      "peerDependenciesMeta": {
        "react-dom": {
          "optional": true
        },
        "react-native": {
          "optional": true
        }
      }
    },
    "node_modules/regenerator-runtime": {
      "version": "0.14.1",
      "resolved": "https://repo.plus4u.net/operatorGate/repository/public-javascript/regenerator-runtime/-/regenerator-runtime-0.14.1.tgz",
      "integrity": "sha512-dYnhHh0nJoMfnkZs6GmmhFknAGRrLznOu5nc9ML+EJxGvrx6H7teuevqVqCuPcPK//3eDrrjQhehXVx9cnkGdw==",
      "license": "MIT"
    },
    "node_modules/require-from-string": {
      "version": "2.0.2",
      "resolved": "https://repo.plus4u.net/operatorGate/repository/public-javascript/require-from-string/-/require-from-string-2.0.2.tgz",
      "integrity": "sha512-Xf0nWe6RseziFMu+Ap9biiUbmplq6S9/p+7w7YXP/JBHhrUDDUhwa+vANyubuqfZWTveU//DYVGsDG7RKL/vEw==",
      "license": "MIT",
      "engines": {
        "node": ">=0.10.0"
      }
    },
    "node_modules/sharp": {
      "resolved": "../../node_modules/.pnpm/sharp@0.33.4/node_modules/sharp",
      "link": true
    },
    "node_modules/tailwindcss": {
      "resolved": "../../node_modules/.pnpm/tailwindcss@3.4.6/node_modules/tailwindcss",
      "link": true
    },
    "node_modules/typescript": {
      "resolved": "../../node_modules/.pnpm/typescript@5.5.3/node_modules/typescript",
      "link": true
    },
    "node_modules/void-elements": {
      "version": "3.1.0",
      "resolved": "https://repo.plus4u.net/operatorGate/repository/public-javascript/void-elements/-/void-elements-3.1.0.tgz",
      "integrity": "sha512-Dhxzh5HZuiHQhbvTW9AMetFfBHDMYpo23Uo9btPXgdYP+3T5S+p+jgNy7spra+veYhBP2dCSgxR/i2Y02h5/6w==",
      "license": "MIT",
      "engines": {
        "node": ">=0.10.0"
      }
    }
  }
}
